
Microsoft Visual Studio Solution File, Format Version 12.00
# Visual Studio Version 16
VisualStudioVersion = 16.0.31624.102
MinimumVisualStudioVersion = 10.0.40219.1
Project("{FAE04EC0-301F-11D3-BF4B-00C04F79EFBC}") = "Access Modifiers[D]", "Access Modifiers[D]\Access Modifiers[D].csproj", "{DC7C844E-C109-44A4-8560-7BECC2D0B671}"
EndProject
Project("{FAE04EC0-301F-11D3-BF4B-00C04F79EFBC}") = "MyLibrary", "MyLibrary\MyLibrary.csproj", "{F4805067-051B-4AA9-A0A5-795A0FB687CB}"
EndProject
Global
	GlobalSection(SolutionConfigurationPlatforms) = preSolution
		Debug|Any CPU = Debug|Any CPU
		Release|Any CPU = Release|Any CPU
	EndGlobalSection
	GlobalSection(ProjectConfigurationPlatforms) = postSolution
		{DC7C844E-C109-44A4-8560-7BECC2D0B671}.Debug|Any CPU.ActiveCfg = Debug|Any CPU
		{DC7C844E-C109-44A4-8560-7BECC2D0B671}.Debug|Any CPU.Build.0 = Debug|Any CPU
		{DC7C844E-C109-44A4-8560-7BECC2D0B671}.Release|Any CPU.ActiveCfg = Release|Any CPU
		{DC7C844E-C109-44A4-8560-7BECC2D0B671}.Release|Any CPU.Build.0 = Release|Any CPU
		{F4805067-051B-4AA9-A0A5-795A0FB687CB}.Debug|Any CPU.ActiveCfg = Debug|Any CPU
		{F4805067-051B-4AA9-A0A5-795A0FB687CB}.Debug|Any CPU.Build.0 = Debug|Any CPU
		{F4805067-051B-4AA9-A0A5-795A0FB687CB}.Release|Any CPU.ActiveCfg = Release|Any CPU
		{F4805067-051B-4AA9-A0A5-795A0FB687CB}.Release|Any CPU.Build.0 = Release|Any CPU
	EndGlobalSection
	GlobalSection(SolutionProperties) = preSolution
		HideSolutionNode = FALSE
	EndGlobalSection
	GlobalSection(ExtensibilityGlobals) = postSolution
		SolutionGuid = {DC8A96D8-5C85-482C-8DFA-41F7849C503D}
	EndGlobalSection
EndGlobal
